
Microsoft Visual Studio Solution File, Format Version 11.00
# Visual Studio 2010
Project("{8BC9CEB8-8B4A-11D0-8D11-00A0C91BC942}") = "CLRZIP", "CLRZIP\CLRZIP.vcxproj", "{44D1BF07-5234-411D-B401-5CDC5B61C7BE}"
EndProject
Project("{FAE04EC0-301F-11D3-BF4B-00C04F79EFBC}") = "Zip", "..\Zip\Zip\Zip.csproj", "{BED45322-51F2-4C61-995A-91DB00E83574}"
EndProject
Global
	GlobalSection(SolutionConfigurationPlatforms) = preSolution
		Debug|Mixed Platforms = Debug|Mixed Platforms
		Debug|Win32 = Debug|Win32
		Debug|x86 = Debug|x86
		Release|Mixed Platforms = Release|Mixed Platforms
		Release|Win32 = Release|Win32
		Release|x86 = Release|x86
	EndGlobalSection
	GlobalSection(ProjectConfigurationPlatforms) = postSolution
		{44D1BF07-5234-411D-B401-5CDC5B61C7BE}.Debug|Mixed Platforms.ActiveCfg = Debug|Win32
		{44D1BF07-5234-411D-B401-5CDC5B61C7BE}.Debug|Mixed Platforms.Build.0 = Debug|Win32
		{44D1BF07-5234-411D-B401-5CDC5B61C7BE}.Debug|Win32.ActiveCfg = Debug|Win32
		{44D1BF07-5234-411D-B401-5CDC5B61C7BE}.Debug|Win32.Build.0 = Debug|Win32
		{44D1BF07-5234-411D-B401-5CDC5B61C7BE}.Debug|x86.ActiveCfg = Debug|Win32
		{44D1BF07-5234-411D-B401-5CDC5B61C7BE}.Release|Mixed Platforms.ActiveCfg = Release|Win32
		{44D1BF07-5234-411D-B401-5CDC5B61C7BE}.Release|Mixed Platforms.Build.0 = Release|Win32
		{44D1BF07-5234-411D-B401-5CDC5B61C7BE}.Release|Win32.ActiveCfg = Release|Win32
		{44D1BF07-5234-411D-B401-5CDC5B61C7BE}.Release|Win32.Build.0 = Release|Win32
		{44D1BF07-5234-411D-B401-5CDC5B61C7BE}.Release|x86.ActiveCfg = Release|Win32
		{BED45322-51F2-4C61-995A-91DB00E83574}.Debug|Mixed Platforms.ActiveCfg = Debug|x86
		{BED45322-51F2-4C61-995A-91DB00E83574}.Debug|Mixed Platforms.Build.0 = Debug|x86
		{BED45322-51F2-4C61-995A-91DB00E83574}.Debug|Win32.ActiveCfg = Debug|x86
		{BED45322-51F2-4C61-995A-91DB00E83574}.Debug|x86.ActiveCfg = Debug|x86
		{BED45322-51F2-4C61-995A-91DB00E83574}.Debug|x86.Build.0 = Debug|x86
		{BED45322-51F2-4C61-995A-91DB00E83574}.Release|Mixed Platforms.ActiveCfg = Release|x86
		{BED45322-51F2-4C61-995A-91DB00E83574}.Release|Mixed Platforms.Build.0 = Release|x86
		{BED45322-51F2-4C61-995A-91DB00E83574}.Release|Win32.ActiveCfg = Release|x86
		{BED45322-51F2-4C61-995A-91DB00E83574}.Release|x86.ActiveCfg = Release|x86
		{BED45322-51F2-4C61-995A-91DB00E83574}.Release|x86.Build.0 = Release|x86
	EndGlobalSection
	GlobalSection(SolutionProperties) = preSolution
		HideSolutionNode = FALSE
	EndGlobalSection
EndGlobal
