<?xml version="1.0" encoding="utf-8"?>
<Project ToolsVersion="4.0" xmlns="http://schemas.microsoft.com/developer/msbuild/2003">
  <ItemGroup>
    <Filter Include="Generated Files">
      <UniqueIdentifier>{71ED8ED8-ACB9-4CE9-BBE1-E00B30144E11}</UniqueIdentifier>
      <Extensions>cpp;c;cxx;moc;h;def;odl;idl;res;</Extensions>
    </Filter>
    <Filter Include="Generated Files">
      <UniqueIdentifier>{71ED8ED8-ACB9-4CE9-BBE1-E00B30144E11}</UniqueIdentifier>
      <Extensions>cpp;c;cxx;moc;h;def;odl;idl;res;</Extensions>
    </Filter>
    <Filter Include="Header Files">
      <UniqueIdentifier>{93995380-89BD-4b04-88EB-625FBE52EBFB}</UniqueIdentifier>
      <Extensions>h;hpp;hxx;hm;inl;inc;xsd</Extensions>
    </Filter>
    <Filter Include="Header Files">
      <UniqueIdentifier>{93995380-89BD-4b04-88EB-625FBE52EBFB}</UniqueIdentifier>
      <Extensions>h;hpp;hxx;hm;inl;inc;xsd</Extensions>
    </Filter>
    <Filter Include="Source Files">
      <UniqueIdentifier>{4FC737F1-C7A5-4376-A066-2A32D752A2FF}</UniqueIdentifier>
      <Extensions>cpp;c;cxx;def;odl;idl;hpj;bat;asm;asmx</Extensions>
    </Filter>
    <Filter Include="Source Files">
      <UniqueIdentifier>{4FC737F1-C7A5-4376-A066-2A32D752A2FF}</UniqueIdentifier>
      <Extensions>cpp;c;cxx;def;odl;idl;hpj;bat;asm;asmx</Extensions>
    </Filter>
    <Filter Include="Generated Files\Debug">
      <UniqueIdentifier>{ef2e2799-1b5c-49f6-b555-4b9524c89d92}</UniqueIdentifier>
      <Extensions>cpp;moc</Extensions>
      <SourceControlFiles>False</SourceControlFiles>
    </Filter>
    <Filter Include="Generated Files\Release">
      <UniqueIdentifier>{41389825-a7d3-4fe0-93e0-13a023bc0e7f}</UniqueIdentifier>
      <Extensions>cpp;moc</Extensions>
      <SourceControlFiles>False</SourceControlFiles>
    </Filter>
  </ItemGroup>
  <ItemGroup>
    <Filter Include="Source Files\src" />
  </ItemGroup>
  <ItemGroup>
    <ClCompile Include="src\GTADataElementFilterModel.cpp">
      <Filter>Source Files\src</Filter>
    </ClCompile>
  </ItemGroup>
  <ItemGroup>
    <ClCompile Include="src\GTAElement.cpp">
      <Filter>Source Files\src</Filter>
    </ClCompile>
  </ItemGroup>
  <ItemGroup>
    <ClCompile Include="src\GTAEquipmentMap.cpp">
      <Filter>Source Files\src</Filter>
    </ClCompile>
  </ItemGroup>
  <ItemGroup>
    <ClCompile Include="src\GTAFWCData.cpp">
      <Filter>Source Files\src</Filter>
    </ClCompile>
  </ItemGroup>
  <ItemGroup>
    <ClCompile Include="src\GTAHeader.cpp">
      <Filter>Source Files\src</Filter>
    </ClCompile>
  </ItemGroup>
  <ItemGroup>
    <ClCompile Include="src\GTAICDParameter.cpp">
      <Filter>Source Files\src</Filter>
    </ClCompile>
  </ItemGroup>
  <ItemGroup>
    <ClCompile Include="src\GTAIDataInterface.cpp">
      <Filter>Source Files\src</Filter>
    </ClCompile>
  </ItemGroup>
  <ItemGroup>
    <ClCompile Include="src\GTAMessage.cpp">
      <Filter>Source Files\src</Filter>
    </ClCompile>
  </ItemGroup>
  <ItemGroup>
    <ClCompile Include="src\GTAOneClickApplications.cpp">
      <Filter>Source Files\src</Filter>
    </ClCompile>
  </ItemGroup>
  <ItemGroup>
    <ClCompile Include="src\GTAOneClickConfiguration.cpp">
      <Filter>Source Files\src</Filter>
    </ClCompile>
  </ItemGroup>
  <ItemGroup>
    <ClCompile Include="src\GTAOneClickLaunchApplicationApplications.cpp">
      <Filter>Source Files\src</Filter>
    </ClCompile>
  </ItemGroup>
  <ItemGroup>
    <ClCompile Include="src\GTAOneClickLaunchApplicationOptions.cpp">
      <Filter>Source Files\src</Filter>
    </ClCompile>
  </ItemGroup>
  <ItemGroup>
    <ClCompile Include="src\GTAOneClickLaunchApplicationTestRig.cpp">
      <Filter>Source Files\src</Filter>
    </ClCompile>
  </ItemGroup>
  <ItemGroup>
    <ClCompile Include="src\GTAOneClickOptions.cpp">
      <Filter>Source Files\src</Filter>
    </ClCompile>
  </ItemGroup>
  <ItemGroup>
    <ClCompile Include="src\GTAOneClickTestRig.cpp">
      <Filter>Source Files\src</Filter>
    </ClCompile>
  </ItemGroup>
  <ItemGroup>
    <ClCompile Include="src\GTASCXMLToolId.cpp">
      <Filter>Source Files\src</Filter>
    </ClCompile>
  </ItemGroup>
  <ItemGroup>
    <ClCompile Include="src\GTASearchElementBase.cpp">
      <Filter>Source Files\src</Filter>
    </ClCompile>
  </ItemGroup>
  <ItemGroup>
    <Filter Include="Header Files\PrivateInterfaces" />
  </ItemGroup>
  <ItemGroup>
    <ClInclude Include="PrivateInterfaces\GTADataModel.h">
      <Filter>Header Files\PrivateInterfaces</Filter>
    </ClInclude>
  </ItemGroup>
  <ItemGroup>
    <Filter Include="Header Files\PublicInterfaces" />
  </ItemGroup>
  <ItemGroup>
    <ClInclude Include="PublicInterfaces\GTADataElementFilterModel.h">
      <Filter>Header Files\PublicInterfaces</Filter>
    </ClInclude>
  </ItemGroup>
  <ItemGroup>
    <ClInclude Include="PublicInterfaces\GTADataModelInterface.h">
      <Filter>Header Files\PublicInterfaces</Filter>
    </ClInclude>
  </ItemGroup>
  <ItemGroup>
    <ClInclude Include="PublicInterfaces\GTAElement.h">
      <Filter>Header Files\PublicInterfaces</Filter>
    </ClInclude>
  </ItemGroup>
  <ItemGroup>
    <ClInclude Include="PublicInterfaces\GTAEquipmentMap.h">
      <Filter>Header Files\PublicInterfaces</Filter>
    </ClInclude>
  </ItemGroup>
  <ItemGroup>
    <ClInclude Include="PublicInterfaces\GTAFWCData.h">
      <Filter>Header Files\PublicInterfaces</Filter>
    </ClInclude>
  </ItemGroup>
  <ItemGroup>
    <ClInclude Include="PublicInterfaces\GTAHeader.h">
      <Filter>Header Files\PublicInterfaces</Filter>
    </ClInclude>
  </ItemGroup>
  <ItemGroup>
    <ClInclude Include="PublicInterfaces\GTAICDParameter.h">
      <Filter>Header Files\PublicInterfaces</Filter>
    </ClInclude>
  </ItemGroup>
  <ItemGroup>
    <ClInclude Include="PublicInterfaces\GTAIDataInterface.h">
      <Filter>Header Files\PublicInterfaces</Filter>
    </ClInclude>
  </ItemGroup>
  <ItemGroup>
    <ClInclude Include="PublicInterfaces\GTAMessage.h">
      <Filter>Header Files\PublicInterfaces</Filter>
    </ClInclude>
  </ItemGroup>
  <ItemGroup>
    <ClInclude Include="PublicInterfaces\GTAOneClickApplications.h">
      <Filter>Header Files\PublicInterfaces</Filter>
    </ClInclude>
  </ItemGroup>
  <ItemGroup>
    <ClInclude Include="PublicInterfaces\GTAOneClickConfiguration.h">
      <Filter>Header Files\PublicInterfaces</Filter>
    </ClInclude>
  </ItemGroup>
  <ItemGroup>
    <ClInclude Include="PublicInterfaces\GTAOneClickLaunchApplicationApplications.h">
      <Filter>Header Files\PublicInterfaces</Filter>
    </ClInclude>
  </ItemGroup>
  <ItemGroup>
    <ClInclude Include="PublicInterfaces\GTAOneClickLaunchApplicationOptions.h">
      <Filter>Header Files\PublicInterfaces</Filter>
    </ClInclude>
  </ItemGroup>
  <ItemGroup>
    <ClInclude Include="PublicInterfaces\GTAOneClickLaunchApplicationTestRig.h">
      <Filter>Header Files\PublicInterfaces</Filter>
    </ClInclude>
  </ItemGroup>
  <ItemGroup>
    <ClInclude Include="PublicInterfaces\GTAOneClickOptions.h">
      <Filter>Header Files\PublicInterfaces</Filter>
    </ClInclude>
  </ItemGroup>
  <ItemGroup>
    <ClInclude Include="PublicInterfaces\GTAOneClickTestRig.h">
      <Filter>Header Files\PublicInterfaces</Filter>
    </ClInclude>
  </ItemGroup>
  <ItemGroup>
    <ClInclude Include="PublicInterfaces\GTASCXMLToolId.h">
      <Filter>Header Files\PublicInterfaces</Filter>
    </ClInclude>
  </ItemGroup>
  <ItemGroup>
    <ClInclude Include="PublicInterfaces\GTASearchElementBase.h">
      <Filter>Header Files\PublicInterfaces</Filter>
    </ClInclude>
  </ItemGroup>
  <ItemGroup>
    <Filter Include="Generated Files\.." />
  </ItemGroup>
  <ItemGroup>
    <Filter Include="Generated Files\..\Build" />
  </ItemGroup>
  <ItemGroup>
    <Filter Include="Generated Files\..\Build\debug" />
  </ItemGroup>
  <ItemGroup>
    <Filter Include="Generated Files\..\Build\release" />
  </ItemGroup>
</Project>