Microsoft Visual Studio Solution File, Format Version 12.00
# Visual Studio Version 17
VisualStudioVersion = 17.2.32616.157
MinimumVisualStudioVersion = 10.0.40219.1
Project("{8BC9CEB8-8B4A-11D0-8D11-00A0C91BC942}") = "GTAApp", "src\GTAApp\GTAApp.vcxproj", "{44935333-F95D-3ED2-BF86-147A2A5495A4}"
	ProjectSection(ProjectDependencies) = postProject
		{0476BFCA-12D4-361D-8999-F995C1467A79} = {0476BFCA-12D4-361D-8999-F995C1467A79}
		{5721BE02-51C2-3A3E-B54B-8A56DE5262E8} = {5721BE02-51C2-3A3E-B54B-8A56DE5262E8}
		{8E648B7F-C186-4AFD-956C-48AAB7FA98C8} = {8E648B7F-C186-4AFD-956C-48AAB7FA98C8}
		{BA429ECB-F002-34BF-9D49-ED02F1058FD6} = {BA429ECB-F002-34BF-9D49-ED02F1058FD6}
		{C187B28E-EB8D-3958-8B4E-1EC29D27E580} = {C187B28E-EB8D-3958-8B4E-1EC29D27E580}
		{DAD09316-4D90-36DB-94D3-6C50117446F9} = {DAD09316-4D90-36DB-94D3-6C50117446F9}
	EndProjectSection
EndProject
Project("{8BC9CEB8-8B4A-11D0-8D11-00A0C91BC942}") = "GTADataModel", "src\GTADataModel\GTADataModel.vcxproj", "{0476BFCA-12D4-361D-8999-F995C1467A79}"
	ProjectSection(ProjectDependencies) = postProject
		{5721BE02-51C2-3A3E-B54B-8A56DE5262E8} = {5721BE02-51C2-3A3E-B54B-8A56DE5262E8}
		{C187B28E-EB8D-3958-8B4E-1EC29D27E580} = {C187B28E-EB8D-3958-8B4E-1EC29D27E580}
	EndProjectSection
EndProject
Project("{8BC9CEB8-8B4A-11D0-8D11-00A0C91BC942}") = "GTAControllers", "src\GTAControllers\GTAControllers.vcxproj", "{BA429ECB-F002-34BF-9D49-ED02F1058FD6}"
	ProjectSection(ProjectDependencies) = postProject
		{0476BFCA-12D4-361D-8999-F995C1467A79} = {0476BFCA-12D4-361D-8999-F995C1467A79}
		{1639281D-DB95-3822-B72D-867C70612B36} = {1639281D-DB95-3822-B72D-867C70612B36}
		{30070A4A-8631-38C9-B268-6416ACF00D68} = {30070A4A-8631-38C9-B268-6416ACF00D68}
		{5721BE02-51C2-3A3E-B54B-8A56DE5262E8} = {5721BE02-51C2-3A3E-B54B-8A56DE5262E8}
		{600059ED-BFE6-3080-8AE6-32237F5E46DD} = {600059ED-BFE6-3080-8AE6-32237F5E46DD}
		{66CAAAFF-6927-3DEB-895A-3EBE4B83A212} = {66CAAAFF-6927-3DEB-895A-3EBE4B83A212}
		{8A0A7216-AF03-3F81-885E-7CD5B702A598} = {8A0A7216-AF03-3F81-885E-7CD5B702A598}
		{8E648B7F-C186-4AFD-956C-48AAB7FA98C8} = {8E648B7F-C186-4AFD-956C-48AAB7FA98C8}
		{93CA8BE6-64F8-3B10-A4FE-508A23EB018E} = {93CA8BE6-64F8-3B10-A4FE-508A23EB018E}
		{945B9F3E-2135-3D9D-BE75-20350EE82523} = {945B9F3E-2135-3D9D-BE75-20350EE82523}
		{C187B28E-EB8D-3958-8B4E-1EC29D27E580} = {C187B28E-EB8D-3958-8B4E-1EC29D27E580}
		{C41B7145-DD47-3B49-8F08-9BE60C9F9BA3} = {C41B7145-DD47-3B49-8F08-9BE60C9F9BA3}
	EndProjectSection
EndProject
Project("{8BC9CEB8-8B4A-11D0-8D11-00A0C91BC942}") = "GTAParsers", "src\GTAParsers\GTAParsers.vcxproj", "{C41B7145-DD47-3B49-8F08-9BE60C9F9BA3}"
	ProjectSection(ProjectDependencies) = postProject
		{0476BFCA-12D4-361D-8999-F995C1467A79} = {0476BFCA-12D4-361D-8999-F995C1467A79}
		{5721BE02-51C2-3A3E-B54B-8A56DE5262E8} = {5721BE02-51C2-3A3E-B54B-8A56DE5262E8}
		{C187B28E-EB8D-3958-8B4E-1EC29D27E580} = {C187B28E-EB8D-3958-8B4E-1EC29D27E580}
	EndProjectSection
EndProject
Project("{8BC9CEB8-8B4A-11D0-8D11-00A0C91BC942}") = "GTAViewModel", "src\GTAViewModel\GTAViewModel.vcxproj", "{1639281D-DB95-3822-B72D-867C70612B36}"
	ProjectSection(ProjectDependencies) = postProject
		{0476BFCA-12D4-361D-8999-F995C1467A79} = {0476BFCA-12D4-361D-8999-F995C1467A79}
		{5721BE02-51C2-3A3E-B54B-8A56DE5262E8} = {5721BE02-51C2-3A3E-B54B-8A56DE5262E8}
		{945B9F3E-2135-3D9D-BE75-20350EE82523} = {945B9F3E-2135-3D9D-BE75-20350EE82523}
		{C187B28E-EB8D-3958-8B4E-1EC29D27E580} = {C187B28E-EB8D-3958-8B4E-1EC29D27E580}
	EndProjectSection
EndProject
Project("{8BC9CEB8-8B4A-11D0-8D11-00A0C91BC942}") = "GTAMath", "src\GTAMath\GTAMath.vcxproj", "{1542D90C-A583-3ADE-B215-60DB3E6CC83E}"
	ProjectSection(ProjectDependencies) = postProject
		{5721BE02-51C2-3A3E-B54B-8A56DE5262E8} = {5721BE02-51C2-3A3E-B54B-8A56DE5262E8}
	EndProjectSection
EndProject
Project("{8BC9CEB8-8B4A-11D0-8D11-00A0C91BC942}") = "GTACommands", "src\GTACommands\GTACommands.vcxproj", "{C187B28E-EB8D-3958-8B4E-1EC29D27E580}"
	ProjectSection(ProjectDependencies) = postProject
		{1542D90C-A583-3ADE-B215-60DB3E6CC83E} = {1542D90C-A583-3ADE-B215-60DB3E6CC83E}
		{5721BE02-51C2-3A3E-B54B-8A56DE5262E8} = {5721BE02-51C2-3A3E-B54B-8A56DE5262E8}
	EndProjectSection
EndProject
Project("{8BC9CEB8-8B4A-11D0-8D11-00A0C91BC942}") = "GTACommon", "src\GTACommon\GTACommon.vcxproj", "{5721BE02-51C2-3A3E-B54B-8A56DE5262E8}"
	ProjectSection(ProjectDependencies) = postProject
		{7B6E2364-961C-35EE-BF09-941FFC548EFF} = {7B6E2364-961C-35EE-BF09-941FFC548EFF}
	EndProjectSection
EndProject
Project("{8BC9CEB8-8B4A-11D0-8D11-00A0C91BC942}") = "GTAAppUnitTest", "src\GTAAppUnitTest\GTAAppUnitTest.vcxproj", "{7EC4C217-7FB3-3E8A-90F1-63912EE74ED1}"
	ProjectSection(ProjectDependencies) = postProject
		{0476BFCA-12D4-361D-8999-F995C1467A79} = {0476BFCA-12D4-361D-8999-F995C1467A79}
		{1639281D-DB95-3822-B72D-867C70612B36} = {1639281D-DB95-3822-B72D-867C70612B36}
		{5721BE02-51C2-3A3E-B54B-8A56DE5262E8} = {5721BE02-51C2-3A3E-B54B-8A56DE5262E8}
		{BA429ECB-F002-34BF-9D49-ED02F1058FD6} = {BA429ECB-F002-34BF-9D49-ED02F1058FD6}
		{C187B28E-EB8D-3958-8B4E-1EC29D27E580} = {C187B28E-EB8D-3958-8B4E-1EC29D27E580}
		{C41B7145-DD47-3B49-8F08-9BE60C9F9BA3} = {C41B7145-DD47-3B49-8F08-9BE60C9F9BA3}
	EndProjectSection
EndProject
Project("{8BC9CEB8-8B4A-11D0-8D11-00A0C91BC942}") = "GTACommandsSerializer", "src\GTACommandsSerializer\GTACommandsSerializer.vcxproj", "{600059ED-BFE6-3080-8AE6-32237F5E46DD}"
	ProjectSection(ProjectDependencies) = postProject
		{1542D90C-A583-3ADE-B215-60DB3E6CC83E} = {1542D90C-A583-3ADE-B215-60DB3E6CC83E}
		{5721BE02-51C2-3A3E-B54B-8A56DE5262E8} = {5721BE02-51C2-3A3E-B54B-8A56DE5262E8}
		{66CAAAFF-6927-3DEB-895A-3EBE4B83A212} = {66CAAAFF-6927-3DEB-895A-3EBE4B83A212}
		{C187B28E-EB8D-3958-8B4E-1EC29D27E580} = {C187B28E-EB8D-3958-8B4E-1EC29D27E580}
	EndProjectSection
EndProject
Project("{8BC9CEB8-8B4A-11D0-8D11-00A0C91BC942}") = "GTAUI", "src\GTAUI\GTAUI.vcxproj", "{DAD09316-4D90-36DB-94D3-6C50117446F9}"
	ProjectSection(ProjectDependencies) = postProject
		{0476BFCA-12D4-361D-8999-F995C1467A79} = {0476BFCA-12D4-361D-8999-F995C1467A79}
		{1542D90C-A583-3ADE-B215-60DB3E6CC83E} = {1542D90C-A583-3ADE-B215-60DB3E6CC83E}
		{1639281D-DB95-3822-B72D-867C70612B36} = {1639281D-DB95-3822-B72D-867C70612B36}
		{5721BE02-51C2-3A3E-B54B-8A56DE5262E8} = {5721BE02-51C2-3A3E-B54B-8A56DE5262E8}
		{66CAAAFF-6927-3DEB-895A-3EBE4B83A212} = {66CAAAFF-6927-3DEB-895A-3EBE4B83A212}
		{BA429ECB-F002-34BF-9D49-ED02F1058FD6} = {BA429ECB-F002-34BF-9D49-ED02F1058FD6}
		{C187B28E-EB8D-3958-8B4E-1EC29D27E580} = {C187B28E-EB8D-3958-8B4E-1EC29D27E580}
	EndProjectSection
EndProject
Project("{8BC9CEB8-8B4A-11D0-8D11-00A0C91BC942}") = "GTACore", "src\GTACore\GTACore.vcxproj", "{66CAAAFF-6927-3DEB-895A-3EBE4B83A212}"
	ProjectSection(ProjectDependencies) = postProject
		{0476BFCA-12D4-361D-8999-F995C1467A79} = {0476BFCA-12D4-361D-8999-F995C1467A79}
		{5721BE02-51C2-3A3E-B54B-8A56DE5262E8} = {5721BE02-51C2-3A3E-B54B-8A56DE5262E8}
		{C187B28E-EB8D-3958-8B4E-1EC29D27E580} = {C187B28E-EB8D-3958-8B4E-1EC29D27E580}
		{C41B7145-DD47-3B49-8F08-9BE60C9F9BA3} = {C41B7145-DD47-3B49-8F08-9BE60C9F9BA3}
	EndProjectSection
EndProject
Project("{8BC9CEB8-8B4A-11D0-8D11-00A0C91BC942}") = "GTAZip", "src\GTAZip\GTAZip.vcxproj", "{7B6E2364-961C-35EE-BF09-941FFC548EFF}"
EndProject
Project("{8BC9CEB8-8B4A-11D0-8D11-00A0C91BC942}") = "GTASCXML", "src\GTASCXML\GTASCXML.vcxproj", "{93CA8BE6-64F8-3B10-A4FE-508A23EB018E}"
	ProjectSection(ProjectDependencies) = postProject
		{5721BE02-51C2-3A3E-B54B-8A56DE5262E8} = {5721BE02-51C2-3A3E-B54B-8A56DE5262E8}
		{C187B28E-EB8D-3958-8B4E-1EC29D27E580} = {C187B28E-EB8D-3958-8B4E-1EC29D27E580}
	EndProjectSection
EndProject
Project("{8BC9CEB8-8B4A-11D0-8D11-00A0C91BC942}") = "GTACMDSCXML", "src\GTACMDSCXML\GTACMDSCXML.vcxproj", "{30070A4A-8631-38C9-B268-6416ACF00D68}"
	ProjectSection(ProjectDependencies) = postProject
		{0476BFCA-12D4-361D-8999-F995C1467A79} = {0476BFCA-12D4-361D-8999-F995C1467A79}
		{5721BE02-51C2-3A3E-B54B-8A56DE5262E8} = {5721BE02-51C2-3A3E-B54B-8A56DE5262E8}
		{93CA8BE6-64F8-3B10-A4FE-508A23EB018E} = {93CA8BE6-64F8-3B10-A4FE-508A23EB018E}
		{C187B28E-EB8D-3958-8B4E-1EC29D27E580} = {C187B28E-EB8D-3958-8B4E-1EC29D27E580}
	EndProjectSection
EndProject
Project("{8BC9CEB8-8B4A-11D0-8D11-00A0C91BC942}") = "GTASequencer", "src\GTASequencer\GTASequencer.vcxproj", "{8A0A7216-AF03-3F81-885E-7CD5B702A598}"
	ProjectSection(ProjectDependencies) = postProject
		{945B9F3E-2135-3D9D-BE75-20350EE82523} = {945B9F3E-2135-3D9D-BE75-20350EE82523}
	EndProjectSection
EndProject
Project("{8BC9CEB8-8B4A-11D0-8D11-00A0C91BC942}") = "GTAXmlRpcServerClient", "src\GTAXmlRpcServerClient\GTAXmlRpcServerClient.vcxproj", "{945B9F3E-2135-3D9D-BE75-20350EE82523}"
EndProject
Project("{8BC9CEB8-8B4A-11D0-8D11-00A0C91BC942}") = "GTAConfigManager", "src\GTAConfigManager\GTAConfigManager.vcxproj", "{8E648B7F-C186-4AFD-956C-48AAB7FA98C8}"
EndProject
Global
	GlobalSection(SolutionConfigurationPlatforms) = preSolution
		Debug|x64 = Debug|x64
		Debug|x86 = Debug|x86
		Release|x64 = Release|x64
		Release|x86 = Release|x86
	EndGlobalSection
	GlobalSection(ProjectConfigurationPlatforms) = postSolution
		{44935333-F95D-3ED2-BF86-147A2A5495A4}.Debug|x64.ActiveCfg = Debug|x64
		{44935333-F95D-3ED2-BF86-147A2A5495A4}.Debug|x64.Build.0 = Debug|x64
		{44935333-F95D-3ED2-BF86-147A2A5495A4}.Debug|x86.ActiveCfg = Debug|x64
		{44935333-F95D-3ED2-BF86-147A2A5495A4}.Debug|x86.Build.0 = Debug|x64
		{44935333-F95D-3ED2-BF86-147A2A5495A4}.Release|x64.ActiveCfg = Release|x64
		{44935333-F95D-3ED2-BF86-147A2A5495A4}.Release|x64.Build.0 = Release|x64
		{44935333-F95D-3ED2-BF86-147A2A5495A4}.Release|x86.ActiveCfg = Release|x64
		{44935333-F95D-3ED2-BF86-147A2A5495A4}.Release|x86.Build.0 = Release|x64
		{0476BFCA-12D4-361D-8999-F995C1467A79}.Debug|x64.ActiveCfg = Debug|x64
		{0476BFCA-12D4-361D-8999-F995C1467A79}.Debug|x64.Build.0 = Debug|x64
		{0476BFCA-12D4-361D-8999-F995C1467A79}.Debug|x86.ActiveCfg = Debug|x64
		{0476BFCA-12D4-361D-8999-F995C1467A79}.Debug|x86.Build.0 = Debug|x64
		{0476BFCA-12D4-361D-8999-F995C1467A79}.Release|x64.ActiveCfg = Release|x64
		{0476BFCA-12D4-361D-8999-F995C1467A79}.Release|x64.Build.0 = Release|x64
		{0476BFCA-12D4-361D-8999-F995C1467A79}.Release|x86.ActiveCfg = Release|x64
		{0476BFCA-12D4-361D-8999-F995C1467A79}.Release|x86.Build.0 = Release|x64
		{BA429ECB-F002-34BF-9D49-ED02F1058FD6}.Debug|x64.ActiveCfg = Debug|x64
		{BA429ECB-F002-34BF-9D49-ED02F1058FD6}.Debug|x64.Build.0 = Debug|x64
		{BA429ECB-F002-34BF-9D49-ED02F1058FD6}.Debug|x86.ActiveCfg = Debug|x64
		{BA429ECB-F002-34BF-9D49-ED02F1058FD6}.Debug|x86.Build.0 = Debug|x64
		{BA429ECB-F002-34BF-9D49-ED02F1058FD6}.Release|x64.ActiveCfg = Release|x64
		{BA429ECB-F002-34BF-9D49-ED02F1058FD6}.Release|x64.Build.0 = Release|x64
		{BA429ECB-F002-34BF-9D49-ED02F1058FD6}.Release|x86.ActiveCfg = Release|x64
		{BA429ECB-F002-34BF-9D49-ED02F1058FD6}.Release|x86.Build.0 = Release|x64
		{C41B7145-DD47-3B49-8F08-9BE60C9F9BA3}.Debug|x64.ActiveCfg = Debug|x64
		{C41B7145-DD47-3B49-8F08-9BE60C9F9BA3}.Debug|x64.Build.0 = Debug|x64
		{C41B7145-DD47-3B49-8F08-9BE60C9F9BA3}.Debug|x86.ActiveCfg = Debug|x64
		{C41B7145-DD47-3B49-8F08-9BE60C9F9BA3}.Debug|x86.Build.0 = Debug|x64
		{C41B7145-DD47-3B49-8F08-9BE60C9F9BA3}.Release|x64.ActiveCfg = Release|x64
		{C41B7145-DD47-3B49-8F08-9BE60C9F9BA3}.Release|x64.Build.0 = Release|x64
		{C41B7145-DD47-3B49-8F08-9BE60C9F9BA3}.Release|x86.ActiveCfg = Release|x64
		{C41B7145-DD47-3B49-8F08-9BE60C9F9BA3}.Release|x86.Build.0 = Release|x64
		{1639281D-DB95-3822-B72D-867C70612B36}.Debug|x64.ActiveCfg = Debug|x64
		{1639281D-DB95-3822-B72D-867C70612B36}.Debug|x64.Build.0 = Debug|x64
		{1639281D-DB95-3822-B72D-867C70612B36}.Debug|x86.ActiveCfg = Debug|x64
		{1639281D-DB95-3822-B72D-867C70612B36}.Debug|x86.Build.0 = Debug|x64
		{1639281D-DB95-3822-B72D-867C70612B36}.Release|x64.ActiveCfg = Release|x64
		{1639281D-DB95-3822-B72D-867C70612B36}.Release|x64.Build.0 = Release|x64
		{1639281D-DB95-3822-B72D-867C70612B36}.Release|x86.ActiveCfg = Release|x64
		{1639281D-DB95-3822-B72D-867C70612B36}.Release|x86.Build.0 = Release|x64
		{1542D90C-A583-3ADE-B215-60DB3E6CC83E}.Debug|x64.ActiveCfg = Debug|x64
		{1542D90C-A583-3ADE-B215-60DB3E6CC83E}.Debug|x64.Build.0 = Debug|x64
		{1542D90C-A583-3ADE-B215-60DB3E6CC83E}.Debug|x86.ActiveCfg = Debug|x64
		{1542D90C-A583-3ADE-B215-60DB3E6CC83E}.Debug|x86.Build.0 = Debug|x64
		{1542D90C-A583-3ADE-B215-60DB3E6CC83E}.Release|x64.ActiveCfg = Release|x64
		{1542D90C-A583-3ADE-B215-60DB3E6CC83E}.Release|x64.Build.0 = Release|x64
		{1542D90C-A583-3ADE-B215-60DB3E6CC83E}.Release|x86.ActiveCfg = Release|x64
		{1542D90C-A583-3ADE-B215-60DB3E6CC83E}.Release|x86.Build.0 = Release|x64
		{C187B28E-EB8D-3958-8B4E-1EC29D27E580}.Debug|x64.ActiveCfg = Debug|x64
		{C187B28E-EB8D-3958-8B4E-1EC29D27E580}.Debug|x64.Build.0 = Debug|x64
		{C187B28E-EB8D-3958-8B4E-1EC29D27E580}.Debug|x86.ActiveCfg = Debug|x64
		{C187B28E-EB8D-3958-8B4E-1EC29D27E580}.Debug|x86.Build.0 = Debug|x64
		{C187B28E-EB8D-3958-8B4E-1EC29D27E580}.Release|x64.ActiveCfg = Release|x64
		{C187B28E-EB8D-3958-8B4E-1EC29D27E580}.Release|x64.Build.0 = Release|x64
		{C187B28E-EB8D-3958-8B4E-1EC29D27E580}.Release|x86.ActiveCfg = Release|x64
		{C187B28E-EB8D-3958-8B4E-1EC29D27E580}.Release|x86.Build.0 = Release|x64
		{5721BE02-51C2-3A3E-B54B-8A56DE5262E8}.Debug|x64.ActiveCfg = Debug|x64
		{5721BE02-51C2-3A3E-B54B-8A56DE5262E8}.Debug|x64.Build.0 = Debug|x64
		{5721BE02-51C2-3A3E-B54B-8A56DE5262E8}.Debug|x86.ActiveCfg = Debug|x64
		{5721BE02-51C2-3A3E-B54B-8A56DE5262E8}.Debug|x86.Build.0 = Debug|x64
		{5721BE02-51C2-3A3E-B54B-8A56DE5262E8}.Release|x64.ActiveCfg = Release|x64
		{5721BE02-51C2-3A3E-B54B-8A56DE5262E8}.Release|x64.Build.0 = Release|x64
		{5721BE02-51C2-3A3E-B54B-8A56DE5262E8}.Release|x86.ActiveCfg = Release|x64
		{5721BE02-51C2-3A3E-B54B-8A56DE5262E8}.Release|x86.Build.0 = Release|x64
		{7EC4C217-7FB3-3E8A-90F1-63912EE74ED1}.Debug|x64.ActiveCfg = Debug|x64
		{7EC4C217-7FB3-3E8A-90F1-63912EE74ED1}.Debug|x86.ActiveCfg = Debug|x64
		{7EC4C217-7FB3-3E8A-90F1-63912EE74ED1}.Debug|x86.Build.0 = Debug|x64
		{7EC4C217-7FB3-3E8A-90F1-63912EE74ED1}.Release|x64.ActiveCfg = Release|x64
		{7EC4C217-7FB3-3E8A-90F1-63912EE74ED1}.Release|x86.ActiveCfg = Release|x64
		{7EC4C217-7FB3-3E8A-90F1-63912EE74ED1}.Release|x86.Build.0 = Release|x64
		{600059ED-BFE6-3080-8AE6-32237F5E46DD}.Debug|x64.ActiveCfg = Debug|x64
		{600059ED-BFE6-3080-8AE6-32237F5E46DD}.Debug|x64.Build.0 = Debug|x64
		{600059ED-BFE6-3080-8AE6-32237F5E46DD}.Debug|x86.ActiveCfg = Debug|x64
		{600059ED-BFE6-3080-8AE6-32237F5E46DD}.Debug|x86.Build.0 = Debug|x64
		{600059ED-BFE6-3080-8AE6-32237F5E46DD}.Release|x64.ActiveCfg = Release|x64
		{600059ED-BFE6-3080-8AE6-32237F5E46DD}.Release|x64.Build.0 = Release|x64
		{600059ED-BFE6-3080-8AE6-32237F5E46DD}.Release|x86.ActiveCfg = Release|x64
		{600059ED-BFE6-3080-8AE6-32237F5E46DD}.Release|x86.Build.0 = Release|x64
		{DAD09316-4D90-36DB-94D3-6C50117446F9}.Debug|x64.ActiveCfg = Debug|x64
		{DAD09316-4D90-36DB-94D3-6C50117446F9}.Debug|x64.Build.0 = Debug|x64
		{DAD09316-4D90-36DB-94D3-6C50117446F9}.Debug|x86.ActiveCfg = Debug|x64
		{DAD09316-4D90-36DB-94D3-6C50117446F9}.Debug|x86.Build.0 = Debug|x64
		{DAD09316-4D90-36DB-94D3-6C50117446F9}.Release|x64.ActiveCfg = Release|x64
		{DAD09316-4D90-36DB-94D3-6C50117446F9}.Release|x64.Build.0 = Release|x64
		{DAD09316-4D90-36DB-94D3-6C50117446F9}.Release|x86.ActiveCfg = Release|x64
		{DAD09316-4D90-36DB-94D3-6C50117446F9}.Release|x86.Build.0 = Release|x64
		{66CAAAFF-6927-3DEB-895A-3EBE4B83A212}.Debug|x64.ActiveCfg = Debug|x64
		{66CAAAFF-6927-3DEB-895A-3EBE4B83A212}.Debug|x64.Build.0 = Debug|x64
		{66CAAAFF-6927-3DEB-895A-3EBE4B83A212}.Debug|x86.ActiveCfg = Debug|x64
		{66CAAAFF-6927-3DEB-895A-3EBE4B83A212}.Debug|x86.Build.0 = Debug|x64
		{66CAAAFF-6927-3DEB-895A-3EBE4B83A212}.Release|x64.ActiveCfg = Release|x64
		{66CAAAFF-6927-3DEB-895A-3EBE4B83A212}.Release|x64.Build.0 = Release|x64
		{66CAAAFF-6927-3DEB-895A-3EBE4B83A212}.Release|x86.ActiveCfg = Release|x64
		{66CAAAFF-6927-3DEB-895A-3EBE4B83A212}.Release|x86.Build.0 = Release|x64
		{7B6E2364-961C-35EE-BF09-941FFC548EFF}.Debug|x64.ActiveCfg = Debug|x64
		{7B6E2364-961C-35EE-BF09-941FFC548EFF}.Debug|x64.Build.0 = Debug|x64
		{7B6E2364-961C-35EE-BF09-941FFC548EFF}.Debug|x86.ActiveCfg = Debug|x64
		{7B6E2364-961C-35EE-BF09-941FFC548EFF}.Debug|x86.Build.0 = Debug|x64
		{7B6E2364-961C-35EE-BF09-941FFC548EFF}.Release|x64.ActiveCfg = Release|x64
		{7B6E2364-961C-35EE-BF09-941FFC548EFF}.Release|x64.Build.0 = Release|x64
		{7B6E2364-961C-35EE-BF09-941FFC548EFF}.Release|x86.ActiveCfg = Release|x64
		{7B6E2364-961C-35EE-BF09-941FFC548EFF}.Release|x86.Build.0 = Release|x64
		{93CA8BE6-64F8-3B10-A4FE-508A23EB018E}.Debug|x64.ActiveCfg = Debug|x64
		{93CA8BE6-64F8-3B10-A4FE-508A23EB018E}.Debug|x64.Build.0 = Debug|x64
		{93CA8BE6-64F8-3B10-A4FE-508A23EB018E}.Debug|x86.ActiveCfg = Debug|x64
		{93CA8BE6-64F8-3B10-A4FE-508A23EB018E}.Debug|x86.Build.0 = Debug|x64
		{93CA8BE6-64F8-3B10-A4FE-508A23EB018E}.Release|x64.ActiveCfg = Release|x64
		{93CA8BE6-64F8-3B10-A4FE-508A23EB018E}.Release|x64.Build.0 = Release|x64
		{93CA8BE6-64F8-3B10-A4FE-508A23EB018E}.Release|x86.ActiveCfg = Release|x64
		{93CA8BE6-64F8-3B10-A4FE-508A23EB018E}.Release|x86.Build.0 = Release|x64
		{30070A4A-8631-38C9-B268-6416ACF00D68}.Debug|x64.ActiveCfg = Debug|x64
		{30070A4A-8631-38C9-B268-6416ACF00D68}.Debug|x64.Build.0 = Debug|x64
		{30070A4A-8631-38C9-B268-6416ACF00D68}.Debug|x86.ActiveCfg = Debug|x64
		{30070A4A-8631-38C9-B268-6416ACF00D68}.Debug|x86.Build.0 = Debug|x64
		{30070A4A-8631-38C9-B268-6416ACF00D68}.Release|x64.ActiveCfg = Release|x64
		{30070A4A-8631-38C9-B268-6416ACF00D68}.Release|x64.Build.0 = Release|x64
		{30070A4A-8631-38C9-B268-6416ACF00D68}.Release|x86.ActiveCfg = Release|x64
		{30070A4A-8631-38C9-B268-6416ACF00D68}.Release|x86.Build.0 = Release|x64
		{8A0A7216-AF03-3F81-885E-7CD5B702A598}.Debug|x64.ActiveCfg = Debug|x64
		{8A0A7216-AF03-3F81-885E-7CD5B702A598}.Debug|x64.Build.0 = Debug|x64
		{8A0A7216-AF03-3F81-885E-7CD5B702A598}.Debug|x86.ActiveCfg = Debug|x64
		{8A0A7216-AF03-3F81-885E-7CD5B702A598}.Debug|x86.Build.0 = Debug|x64
		{8A0A7216-AF03-3F81-885E-7CD5B702A598}.Release|x64.ActiveCfg = Release|x64
		{8A0A7216-AF03-3F81-885E-7CD5B702A598}.Release|x64.Build.0 = Release|x64
		{8A0A7216-AF03-3F81-885E-7CD5B702A598}.Release|x86.ActiveCfg = Release|x64
		{8A0A7216-AF03-3F81-885E-7CD5B702A598}.Release|x86.Build.0 = Release|x64
		{945B9F3E-2135-3D9D-BE75-20350EE82523}.Debug|x64.ActiveCfg = Debug|x64
		{945B9F3E-2135-3D9D-BE75-20350EE82523}.Debug|x64.Build.0 = Debug|x64
		{945B9F3E-2135-3D9D-BE75-20350EE82523}.Debug|x86.ActiveCfg = Debug|x64
		{945B9F3E-2135-3D9D-BE75-20350EE82523}.Debug|x86.Build.0 = Debug|x64
		{945B9F3E-2135-3D9D-BE75-20350EE82523}.Release|x64.ActiveCfg = Release|x64
		{945B9F3E-2135-3D9D-BE75-20350EE82523}.Release|x64.Build.0 = Release|x64
		{945B9F3E-2135-3D9D-BE75-20350EE82523}.Release|x86.ActiveCfg = Release|x64
		{945B9F3E-2135-3D9D-BE75-20350EE82523}.Release|x86.Build.0 = Release|x64
		{8E648B7F-C186-4AFD-956C-48AAB7FA98C8}.Debug|x64.ActiveCfg = Debug|x64
		{8E648B7F-C186-4AFD-956C-48AAB7FA98C8}.Debug|x64.Build.0 = Debug|x64
		{8E648B7F-C186-4AFD-956C-48AAB7FA98C8}.Debug|x86.ActiveCfg = Debug|x64
		{8E648B7F-C186-4AFD-956C-48AAB7FA98C8}.Debug|x86.Build.0 = Debug|x64
		{8E648B7F-C186-4AFD-956C-48AAB7FA98C8}.Release|x64.ActiveCfg = Release|x64
		{8E648B7F-C186-4AFD-956C-48AAB7FA98C8}.Release|x64.Build.0 = Release|x64
		{8E648B7F-C186-4AFD-956C-48AAB7FA98C8}.Release|x86.ActiveCfg = Release|x64
		{8E648B7F-C186-4AFD-956C-48AAB7FA98C8}.Release|x86.Build.0 = Release|x64
	EndGlobalSection
	GlobalSection(SolutionProperties) = preSolution
		HideSolutionNode = FALSE
	EndGlobalSection
	GlobalSection(ExtensibilityGlobals) = postSolution
		SolutionGuid = {3B68AEB0-82F8-4B1A-8436-F966A63F9581}
		Qt5Version = msvc2015_64
	EndGlobalSection
EndGlobal
