<?xml version="1.0" encoding="utf-8"?>
<Project ToolsVersion="4.0" xmlns="http://schemas.microsoft.com/developer/msbuild/2003">
  <ItemGroup>
    <Filter Include="Generated Files">
      <UniqueIdentifier>{71ED8ED8-ACB9-4CE9-BBE1-E00B30144E11}</UniqueIdentifier>
      <Extensions>cpp;c;cxx;moc;h;def;odl;idl;res;</Extensions>
    </Filter>
    <Filter Include="Generated Files">
      <UniqueIdentifier>{71ED8ED8-ACB9-4CE9-BBE1-E00B30144E11}</UniqueIdentifier>
      <Extensions>cpp;c;cxx;moc;h;def;odl;idl;res;</Extensions>
    </Filter>
    <Filter Include="Header Files">
      <UniqueIdentifier>{93995380-89BD-4b04-88EB-625FBE52EBFB}</UniqueIdentifier>
      <Extensions>h;hpp;hxx;hm;inl;inc;xsd</Extensions>
    </Filter>
    <Filter Include="Header Files">
      <UniqueIdentifier>{93995380-89BD-4b04-88EB-625FBE52EBFB}</UniqueIdentifier>
      <Extensions>h;hpp;hxx;hm;inl;inc;xsd</Extensions>
    </Filter>
    <Filter Include="Source Files">
      <UniqueIdentifier>{4FC737F1-C7A5-4376-A066-2A32D752A2FF}</UniqueIdentifier>
      <Extensions>cpp;c;cxx;def;odl;idl;hpj;bat;asm;asmx</Extensions>
    </Filter>
    <Filter Include="Source Files">
      <UniqueIdentifier>{4FC737F1-C7A5-4376-A066-2A32D752A2FF}</UniqueIdentifier>
      <Extensions>cpp;c;cxx;def;odl;idl;hpj;bat;asm;asmx</Extensions>
    </Filter>
    <Filter Include="Generated Files\Debug">
      <UniqueIdentifier>{5e8aec5b-cdf4-4777-92f8-38a4cecc5033}</UniqueIdentifier>
      <Extensions>cpp;moc</Extensions>
      <SourceControlFiles>False</SourceControlFiles>
    </Filter>
    <Filter Include="Generated Files\Release">
      <UniqueIdentifier>{64c52b0a-cf7e-4408-b837-e4f536f0445d}</UniqueIdentifier>
      <Extensions>cpp;moc</Extensions>
      <SourceControlFiles>False</SourceControlFiles>
    </Filter>
  </ItemGroup>
  <ItemGroup>
    <Filter Include="Source Files\src" />
  </ItemGroup>
  <ItemGroup>
    <ClCompile Include="src\GTAEditorLogModel.cpp">
      <Filter>Source Files\src</Filter>
    </ClCompile>
  </ItemGroup>
  <ItemGroup>
    <ClCompile Include="src\GTAEditorTreeModel.cpp">
      <Filter>Source Files\src</Filter>
    </ClCompile>
  </ItemGroup>
  <ItemGroup>
    <ClCompile Include="src\GTAElementViewModel.cpp">
      <Filter>Source Files\src</Filter>
    </ClCompile>
  </ItemGroup>
  <ItemGroup>
    <ClCompile Include="src\GTAFileSystemModel.cpp">
      <Filter>Source Files\src</Filter>
    </ClCompile>
  </ItemGroup>
  <ItemGroup>
    <ClCompile Include="src\GTAHeaderTableModel.cpp">
      <Filter>Source Files\src</Filter>
    </ClCompile>
  </ItemGroup>
  <ItemGroup>
    <ClCompile Include="src\GTAProxyFilterModel.cpp">
      <Filter>Source Files\src</Filter>
    </ClCompile>
  </ItemGroup>
  <ItemGroup>
    <ClCompile Include="src\GTASqlTableModel.cpp">
      <Filter>Source Files\src</Filter>
    </ClCompile>
  </ItemGroup>
  <ItemGroup>
    <ClCompile Include="src\GTATitleBasedExecutionModel.cpp">
      <Filter>Source Files\src</Filter>
    </ClCompile>
  </ItemGroup>
  <ItemGroup>
    <ClCompile Include="src\GTATreeItem.cpp">
      <Filter>Source Files\src</Filter>
    </ClCompile>
  </ItemGroup>
  <ItemGroup>
    <ClCompile Include="src\GTATreeViewModel.cpp">
      <Filter>Source Files\src</Filter>
    </ClCompile>
  </ItemGroup>
  <ItemGroup>
    <ClCompile Include="src\GTAValidationWidgetModel.cpp">
      <Filter>Source Files\src</Filter>
    </ClCompile>
  </ItemGroup>
  <ItemGroup>
    <Filter Include="Header Files\PublicInterfaces" />
  </ItemGroup>
  <ItemGroup>
    <ClInclude Include="PublicInterfaces\GTAEditorLogModel.h">
      <Filter>Header Files\PublicInterfaces</Filter>
    </ClInclude>
  </ItemGroup>
  <ItemGroup>
    <QtMoc Include="PublicInterfaces\GTAEditorTreeModel.h">
      <Filter>Header Files\PublicInterfaces</Filter>
    </QtMoc>
  </ItemGroup>
  <ItemGroup>
    <QtMoc Include="PublicInterfaces\GTAElementViewModel.h">
      <Filter>Header Files\PublicInterfaces</Filter>
    </QtMoc>
  </ItemGroup>
  <ItemGroup>
    <ClInclude Include="PublicInterfaces\GTAFileSystemModel.h">
      <Filter>Header Files\PublicInterfaces</Filter>
    </ClInclude>
  </ItemGroup>
  <ItemGroup>
    <QtMoc Include="PublicInterfaces\GTAHeaderTableModel.h">
      <Filter>Header Files\PublicInterfaces</Filter>
    </QtMoc>
  </ItemGroup>
  <ItemGroup>
    <ClInclude Include="PublicInterfaces\GTAProxyFilterModel.h">
      <Filter>Header Files\PublicInterfaces</Filter>
    </ClInclude>
  </ItemGroup>
  <ItemGroup>
    <ClInclude Include="PublicInterfaces\GTASqlTableModel.h">
      <Filter>Header Files\PublicInterfaces</Filter>
    </ClInclude>
  </ItemGroup>
  <ItemGroup>
    <ClInclude Include="PublicInterfaces\GTATitleBasedExecutionModel.h">
      <Filter>Header Files\PublicInterfaces</Filter>
    </ClInclude>
  </ItemGroup>
  <ItemGroup>
    <ClInclude Include="PublicInterfaces\GTATreeItem.h">
      <Filter>Header Files\PublicInterfaces</Filter>
    </ClInclude>
  </ItemGroup>
  <ItemGroup>
    <ClInclude Include="PublicInterfaces\GTATreeViewModel.h">
      <Filter>Header Files\PublicInterfaces</Filter>
    </ClInclude>
  </ItemGroup>
  <ItemGroup>
    <ClInclude Include="PublicInterfaces\GTAValidationWidgetModel.h">
      <Filter>Header Files\PublicInterfaces</Filter>
    </ClInclude>
  </ItemGroup>
  <ItemGroup>
    <ClInclude Include="PublicInterfaces\GTAViewModel.h">
      <Filter>Header Files\PublicInterfaces</Filter>
    </ClInclude>
  </ItemGroup>
  <ItemGroup>
    <Filter Include="Generated Files\.." />
  </ItemGroup>
  <ItemGroup>
    <Filter Include="Generated Files\..\Build" />
  </ItemGroup>
  <ItemGroup>
    <Filter Include="Generated Files\..\Build\debug" />
  </ItemGroup>
  <ItemGroup>
    <Filter Include="Generated Files\..\Build\release" />
  </ItemGroup>
</Project>