<?xml version="1.0" encoding="utf-8"?>
<Project ToolsVersion="4.0" xmlns="http://schemas.microsoft.com/developer/msbuild/2003">
  <ItemGroup>
    <Filter Include="Generated Files">
      <UniqueIdentifier>{71ED8ED8-ACB9-4CE9-BBE1-E00B30144E11}</UniqueIdentifier>
      <Extensions>cpp;c;cxx;moc;h;def;odl;idl;res;</Extensions>
    </Filter>
    <Filter Include="Generated Files">
      <UniqueIdentifier>{71ED8ED8-ACB9-4CE9-BBE1-E00B30144E11}</UniqueIdentifier>
      <Extensions>cpp;c;cxx;moc;h;def;odl;idl;res;</Extensions>
    </Filter>
    <Filter Include="Header Files">
      <UniqueIdentifier>{93995380-89BD-4b04-88EB-625FBE52EBFB}</UniqueIdentifier>
      <Extensions>h;hpp;hxx;hm;inl;inc;xsd</Extensions>
    </Filter>
    <Filter Include="Header Files">
      <UniqueIdentifier>{93995380-89BD-4b04-88EB-625FBE52EBFB}</UniqueIdentifier>
      <Extensions>h;hpp;hxx;hm;inl;inc;xsd</Extensions>
    </Filter>
    <Filter Include="Source Files">
      <UniqueIdentifier>{4FC737F1-C7A5-4376-A066-2A32D752A2FF}</UniqueIdentifier>
      <Extensions>cpp;c;cxx;def;odl;idl;hpj;bat;asm;asmx</Extensions>
    </Filter>
    <Filter Include="Source Files">
      <UniqueIdentifier>{4FC737F1-C7A5-4376-A066-2A32D752A2FF}</UniqueIdentifier>
      <Extensions>cpp;c;cxx;def;odl;idl;hpj;bat;asm;asmx</Extensions>
    </Filter>
    <Filter Include="Generated Files\Debug">
      <UniqueIdentifier>{a7c11b2d-0dbc-4d3a-b46d-360daab4e016}</UniqueIdentifier>
      <Extensions>cpp;moc</Extensions>
      <SourceControlFiles>False</SourceControlFiles>
    </Filter>
    <Filter Include="Generated Files\Release">
      <UniqueIdentifier>{3487bfdf-6d80-4146-9ca3-593a77d1dad4}</UniqueIdentifier>
      <Extensions>cpp;moc</Extensions>
      <SourceControlFiles>False</SourceControlFiles>
    </Filter>
  </ItemGroup>
  <ItemGroup>
    <Filter Include="Source Files\src" />
  </ItemGroup>
  <ItemGroup>
    <ClCompile Include="src\GTAClient.cpp">
      <Filter>Source Files\src</Filter>
    </ClCompile>
    
    
    
    
  </ItemGroup>
  <ItemGroup>
    <ClCompile Include="src\GTAServer.cpp">
      <Filter>Source Files\src</Filter>
    </ClCompile>
  </ItemGroup>
  <ItemGroup>
    <Filter Include="Header Files\PublicInterfaces" />
  </ItemGroup>
  <ItemGroup>
    <QtMoc Include="PublicInterfaces\GTAClient.h">
      <Filter>Header Files\PublicInterfaces</Filter>
    </QtMoc>
  </ItemGroup>
  <ItemGroup>
    <QtMoc Include="PublicInterfaces\GTAServer.h">
      <Filter>Header Files\PublicInterfaces</Filter>
    </QtMoc>
  </ItemGroup>
  <ItemGroup>
    <ClInclude Include="PublicInterfaces\GTAServerClient_global.h">
      <Filter>Header Files\PublicInterfaces</Filter>
    </ClInclude>
  </ItemGroup>
  <ItemGroup>
    <Filter Include="Generated Files\.." />
  </ItemGroup>
  <ItemGroup>
    <Filter Include="Generated Files\..\Build" />
  </ItemGroup>
  <ItemGroup>
    <Filter Include="Generated Files\..\Build\debug" />
  </ItemGroup>
  <ItemGroup>
    <Filter Include="Generated Files\..\Build\release" />
  </ItemGroup>
</Project>